
Microsoft Visual Studio Solution File, Format Version 12.00
# Visual Studio Version 16
VisualStudioVersion = 16.0.29409.12
MinimumVisualStudioVersion = 10.0.40219.1
Project("{FAE04EC0-301F-11D3-BF4B-00C04F79EFBC}") = "LowBudgetBlackjack", "LowBudgetBlackjack.csproj", "{36086C38-5A69-49C4-A989-5C5A754F38B0}"
EndProject
Global
	GlobalSection(SolutionConfigurationPlatforms) = preSolution
		Debug|Any CPU = Debug|Any CPU
		Release|Any CPU = Release|Any CPU
	EndGlobalSection
	GlobalSection(ProjectConfigurationPlatforms) = postSolution
		{36086C38-5A69-49C4-A989-5C5A754F38B0}.Debug|Any CPU.ActiveCfg = Debug|Any CPU
		{36086C38-5A69-49C4-A989-5C5A754F38B0}.Debug|Any CPU.Build.0 = Debug|Any CPU
		{36086C38-5A69-49C4-A989-5C5A754F38B0}.Release|Any CPU.ActiveCfg = Release|Any CPU
		{36086C38-5A69-49C4-A989-5C5A754F38B0}.Release|Any CPU.Build.0 = Release|Any CPU
	EndGlobalSection
	GlobalSection(SolutionProperties) = preSolution
		HideSolutionNode = FALSE
	EndGlobalSection
	GlobalSection(ExtensibilityGlobals) = postSolution
		SolutionGuid = {6271FECB-AF3B-439C-8345-E4760C85567F}
	EndGlobalSection
EndGlobal
